// !$*UTF8*$!
{
	archiveVersion = 1;
	classes = {
	};
	objectVersion = 46;
	objects = {

/* Begin PBXBuildFile section */
		A2F0FE661BD2031D00ACBEC6 /* main.m in Sources */ = {isa = PBXBuildFile; fileRef = A2F0FE651BD2031D00ACBEC6 /* main.m */; };
		A2F0FE691BD2031D00ACBEC6 /* AppDelegate.m in Sources */ = {isa = PBXBuildFile; fileRef = A2F0FE681BD2031D00ACBEC6 /* AppDelegate.m */; };
		A2F0FE6C1BD2031D00ACBEC6 /* ViewController.m in Sources */ = {isa = PBXBuildFile; fileRef = A2F0FE6B1BD2031D00ACBEC6 /* ViewController.m */; };
		A2F0FE6F1BD2031D00ACBEC6 /* Main.storyboard in Resources */ = {isa = PBXBuildFile; fileRef = A2F0FE6D1BD2031D00ACBEC6 /* Main.storyboard */; };
		A2F0FE711BD2031D00ACBEC6 /* Images.xcassets in Resources */ = {isa = PBXBuildFile; fileRef = A2F0FE701BD2031D00ACBEC6 /* Images.xcassets */; };
		A2F0FE741BD2031D00ACBEC6 /* LaunchScreen.xib in Resources */ = {isa = PBXBuildFile; fileRef = A2F0FE721BD2031D00ACBEC6 /* LaunchScreen.xib */; };
		A2F0FE801BD2031D00ACBEC6 /* TCocoaHttpServerTests.m in Sources */ = {isa = PBXBuildFile; fileRef = A2F0FE7F1BD2031D00ACBEC6 /* TCocoaHttpServerTests.m */; };
/* End PBXBuildFile section */

/* Begin PBXContainerItemProxy section */
		A2F0FE7A1BD2031D00ACBEC6 /* PBXContainerItemProxy */ = {
			isa = PBXContainerItemProxy;
			containerPortal = A2F0FE581BD2031D00ACBEC6 /* Project object */;
			proxyType = 1;
			remoteGlobalIDString = A2F0FE5F1BD2031D00ACBEC6;
			remoteInfo = TCocoaHttpServer;
		};
/* End PBXContainerItemProxy section */

/* Begin PBXFileReference section */
		A2F0FE601BD2031D00ACBEC6 /* TCocoaHttpServer.app */ = {isa = PBXFileReference; explicitFileType = wrapper.application; includeInIndex = 0; path = TCocoaHttpServer.app; sourceTree = BUILT_PRODUCTS_DIR; };
		A2F0FE641BD2031D00ACBEC6 /* Info.plist */ = {isa = PBXFileReference; lastKnownFileType = text.plist.xml; path = Info.plist; sourceTree = "<group>"; };
		A2F0FE651BD2031D00ACBEC6 /* main.m */ = {isa = PBXFileReference; lastKnownFileType = sourcecode.c.objc; path = main.m; sourceTree = "<group>"; };
		A2F0FE671BD2031D00ACBEC6 /* AppDelegate.h */ = {isa = PBXFileReference; lastKnownFileType = sourcecode.c.h; path = AppDelegate.h; sourceTree = "<group>"; };
		A2F0FE681BD2031D00ACBEC6 /* AppDelegate.m */ = {isa = PBXFileReference; lastKnownFileType = sourcecode.c.objc; path = AppDelegate.m; sourceTree = "<group>"; };
		A2F0FE6A1BD2031D00ACBEC6 /* ViewController.h */ = {isa = PBXFileReference; lastKnownFileType = sourcecode.c.h; path = ViewController.h; sourceTree = "<group>"; };
		A2F0FE6B1BD2031D00ACBEC6 /* ViewController.m */ = {isa = PBXFileReference; lastKnownFileType = sourcecode.c.objc; path = ViewController.m; sourceTree = "<group>"; };
		A2F0FE6E1BD2031D00ACBEC6 /* Base */ = {isa = PBXFileReference; lastKnownFileType = file.storyboard; name = Base; path = Base.lproj/Main.storyboard; sourceTree = "<group>"; };
		A2F0FE701BD2031D00ACBEC6 /* Images.xcassets */ = {isa = PBXFileReference; lastKnownFileType = folder.assetcatalog; path = Images.xcassets; sourceTree = "<group>"; };
		A2F0FE731BD2031D00ACBEC6 /* Base */ = {isa = PBXFileReference; lastKnownFileType = file.xib; name = Base; path = Base.lproj/LaunchScreen.xib; sourceTree = "<group>"; };
		A2F0FE791BD2031D00ACBEC6 /* TCocoaHttpServerTests.xctest */ = {isa = PBXFileReference; explicitFileType = wrapper.cfbundle; includeInIndex = 0; path = TCocoaHttpServerTests.xctest; sourceTree = BUILT_PRODUCTS_DIR; };
		A2F0FE7E1BD2031D00ACBEC6 /* Info.plist */ = {isa = PBXFileReference; lastKnownFileType = text.plist.xml; path = Info.plist; sourceTree = "<group>"; };
		A2F0FE7F1BD2031D00ACBEC6 /* TCocoaHttpServerTests.m */ = {isa = PBXFileReference; lastKnownFileType = sourcecode.c.objc; path = TCocoaHttpServerTests.m; sourceTree = "<group>"; };
/* End PBXFileReference section */

/* Begin PBXFrameworksBuildPhase section */
		A2F0FE5D1BD2031D00ACBEC6 /* Frameworks */ = {
			isa = PBXFrameworksBuildPhase;
			buildActionMask = 2147483647;
			files = (
			);
			runOnlyForDeploymentPostprocessing = 0;
		};
		A2F0FE761BD2031D00ACBEC6 /* Frameworks */ = {
			isa = PBXFrameworksBuildPhase;
			buildActionMask = 2147483647;
			files = (
			);
			runOnlyForDeploymentPostprocessing = 0;
		};
/* End PBXFrameworksBuildPhase section */

/* Begin PBXGroup section */
		A2F0FE571BD2031D00ACBEC6 = {
			isa = PBXGroup;
			children = (
				A2F0FE621BD2031D00ACBEC6 /* TCocoaHttpServer */,
				A2F0FE7C1BD2031D00ACBEC6 /* TCocoaHttpServerTests */,
				A2F0FE611BD2031D00ACBEC6 /* Products */,
			);
			sourceTree = "<group>";
		};
		A2F0FE611BD2031D00ACBEC6 /* Products */ = {
			isa = PBXGroup;
			children = (
				A2F0FE601BD2031D00ACBEC6 /* TCocoaHttpServer.app */,
				A2F0FE791BD2031D00ACBEC6 /* TCocoaHttpServerTests.xctest */,
			);
			name = Products;
			sourceTree = "<group>";
		};
		A2F0FE621BD2031D00ACBEC6 /* TCocoaHttpServer */ = {
			isa = PBXGroup;
			children = (
				A2F0FE671BD2031D00ACBEC6 /* AppDelegate.h */,
				A2F0FE681BD2031D00ACBEC6 /* AppDelegate.m */,
				A2F0FE6A1BD2031D00ACBEC6 /* ViewController.h */,
				A2F0FE6B1BD2031D00ACBEC6 /* ViewController.m */,
				A2F0FE6D1BD2031D00ACBEC6 /* Main.storyboard */,
				A2F0FE701BD2031D00ACBEC6 /* Images.xcassets */,
				A2F0FE721BD2031D00ACBEC6 /* LaunchScreen.xib */,
				A2F0FE631BD2031D00ACBEC6 /* Supporting Files */,
			);
			path = TCocoaHttpServer;
			sourceTree = "<group>";
		};
		A2F0FE631BD2031D00ACBEC6 /* Supporting Files */ = {
			isa = PBXGroup;
			children = (
				A2F0FE641BD2031D00ACBEC6 /* Info.plist */,
				A2F0FE651BD2031D00ACBEC6 /* main.m */,
			);
			name = "Supporting Files";
			sourceTree = "<group>";
		};
		A2F0FE7C1BD2031D00ACBEC6 /* TCocoaHttpServerTests */ = {
			isa = PBXGroup;
			children = (
				A2F0FE7F1BD2031D00ACBEC6 /* TCocoaHttpServerTests.m */,
				A2F0FE7D1BD2031D00ACBEC6 /* Supporting Files */,
			);
			path = TCocoaHttpServerTests;
			sourceTree = "<group>";
		};
		A2F0FE7D1BD2031D00ACBEC6 /* Supporting Files */ = {
			isa = PBXGroup;
			children = (
				A2F0FE7E1BD2031D00ACBEC6 /* Info.plist */,
			);
			name = "Supporting Files";
			sourceTree = "<group>";
		};
/* End PBXGroup section */

/* Begin PBXNativeTarget section */
		A2F0FE5F1BD2031D00ACBEC6 /* TCocoaHttpServer */ = {
			isa = PBXNativeTarget;
			buildConfigurationList = A2F0FE831BD2031D00ACBEC6 /* Build configuration list for PBXNativeTarget "TCocoaHttpServer" */;
			buildPhases = (
				A2F0FE5C1BD2031D00ACBEC6 /* Sources */,
				A2F0FE5D1BD2031D00ACBEC6 /* Frameworks */,
				A2F0FE5E1BD2031D00ACBEC6 /* Resources */,
			);
			buildRules = (
			);
			dependencies = (
			);
			name = TCocoaHttpServer;
			productName = TCocoaHttpServer;
			productReference = A2F0FE601BD2031D00ACBEC6 /* TCocoaHttpServer.app */;
			productType = "com.apple.product-type.application";
		};
		A2F0FE781BD2031D00ACBEC6 /* TCocoaHttpServerTests */ = {
			isa = PBXNativeTarget;
			buildConfigurationList = A2F0FE861BD2031D00ACBEC6 /* Build configuration list for PBXNativeTarget "TCocoaHttpServerTests" */;
			buildPhases = (
				A2F0FE751BD2031D00ACBEC6 /* Sources */,
				A2F0FE761BD2031D00ACBEC6 /* Frameworks */,
				A2F0FE771BD2031D00ACBEC6 /* Resources */,
			);
			buildRules = (
			);
			dependencies = (
				A2F0FE7B1BD2031D00ACBEC6 /* PBXTargetDependency */,
			);
			name = TCocoaHttpServerTests;
			productName = TCocoaHttpServerTests;
			productReference = A2F0FE791BD2031D00ACBEC6 /* TCocoaHttpServerTests.xctest */;
			productType = "com.apple.product-type.bundle.unit-test";
		};
/* End PBXNativeTarget section */

/* Begin PBXProject section */
		A2F0FE581BD2031D00ACBEC6 /* Project object */ = {
			isa = PBXProject;
			attributes = {
				LastUpgradeCheck = 0640;
				ORGANIZATIONNAME = Ysfox;
				TargetAttributes = {
					A2F0FE5F1BD2031D00ACBEC6 = {
						CreatedOnToolsVersion = 6.4;
					};
					A2F0FE781BD2031D00ACBEC6 = {
						CreatedOnToolsVersion = 6.4;
						TestTargetID = A2F0FE5F1BD2031D00ACBEC6;
					};
				};
			};
			buildConfigurationList = A2F0FE5B1BD2031D00ACBEC6 /* Build configuration list for PBXProject "TCocoaHttpServer" */;
			compatibilityVersion = "Xcode 3.2";
			developmentRegion = English;
			hasScannedForEncodings = 0;
			knownRegions = (
				en,
				Base,
			);
			mainGroup = A2F0FE571BD2031D00ACBEC6;
			productRefGroup = A2F0FE611BD2031D00ACBEC6 /* Products */;
			projectDirPath = "";
			projectRoot = "";
			targets = (
				A2F0FE5F1BD2031D00ACBEC6 /* TCocoaHttpServer */,
				A2F0FE781BD2031D00ACBEC6 /* TCocoaHttpServerTests */,
			);
		};
/* End PBXProject section */

/* Begin PBXResourcesBuildPhase section */
		A2F0FE5E1BD2031D00ACBEC6 /* Resources */ = {
			isa = PBXResourcesBuildPhase;
			buildActionMask = 2147483647;
			files = (
				A2F0FE6F1BD2031D00ACBEC6 /* Main.storyboard in Resources */,
				A2F0FE741BD2031D00ACBEC6 /* LaunchScreen.xib in Resources */,
				A2F0FE711BD2031D00ACBEC6 /* Images.xcassets in Resources */,
			);
			runOnlyForDeploymentPostprocessing = 0;
		};
		A2F0FE771BD2031D00ACBEC6 /* Resources */ = {
			isa = PBXResourcesBuildPhase;
			buildActionMask = 2147483647;
			files = (
			);
			runOnlyForDeploymentPostprocessing = 0;
		};
/* End PBXResourcesBuildPhase section */

/* Begin PBXSourcesBuildPhase section */
		A2F0FE5C1BD2031D00ACBEC6 /* Sources */ = {
			isa = PBXSourcesBuildPhase;
			buildActionMask = 2147483647;
			files = (
				A2F0FE6C1BD2031D00ACBEC6 /* ViewController.m in Sources */,
				A2F0FE691BD2031D00ACBEC6 /* AppDelegate.m in Sources */,
				A2F0FE661BD2031D00ACBEC6 /* main.m in Sources */,
			);
			runOnlyForDeploymentPostprocessing = 0;
		};
		A2F0FE751BD2031D00ACBEC6 /* Sources */ = {
			isa = PBXSourcesBuildPhase;
			buildActionMask = 2147483647;
			files = (
				A2F0FE801BD2031D00ACBEC6 /* TCocoaHttpServerTests.m in Sources */,
			);
			runOnlyForDeploymentPostprocessing = 0;
		};
/* End PBXSourcesBuildPhase section */

/* Begin PBXTargetDependency section */
		A2F0FE7B1BD2031D00ACBEC6 /* PBXTargetDependency */ = {
			isa = PBXTargetDependency;
			target = A2F0FE5F1BD2031D00ACBEC6 /* TCocoaHttpServer */;
			targetProxy = A2F0FE7A1BD2031D00ACBEC6 /* PBXContainerItemProxy */;
		};
/* End PBXTargetDependency section */

/* Begin PBXVariantGroup section */
		A2F0FE6D1BD2031D00ACBEC6 /* Main.storyboard */ = {
			isa = PBXVariantGroup;
			children = (
				A2F0FE6E1BD2031D00ACBEC6 /* Base */,
			);
			name = Main.storyboard;
			sourceTree = "<group>";
		};
		A2F0FE721BD2031D00ACBEC6 /* LaunchScreen.xib */ = {
			isa = PBXVariantGroup;
			children = (
				A2F0FE731BD2031D00ACBEC6 /* Base */,
			);
			name = LaunchScreen.xib;
			sourceTree = "<group>";
		};
/* End PBXVariantGroup section */

/* Begin XCBuildConfiguration section */
		A2F0FE811BD2031D00ACBEC6 /* Debug */ = {
			isa = XCBuildConfiguration;
			buildSettings = {
				ALWAYS_SEARCH_USER_PATHS = NO;
				CLANG_CXX_LANGUAGE_STANDARD = "gnu++0x";
				CLANG_CXX_LIBRARY = "libc++";
				CLANG_ENABLE_MODULES = YES;
				CLANG_ENABLE_OBJC_ARC = YES;
				CLANG_WARN_BOOL_CONVERSION = YES;
				CLANG_WARN_CONSTANT_CONVERSION = YES;
				CLANG_WARN_DIRECT_OBJC_ISA_USAGE = YES_ERROR;
				CLANG_WARN_EMPTY_BODY = YES;
				CLANG_WARN_ENUM_CONVERSION = YES;
				CLANG_WARN_INT_CONVERSION = YES;
				CLANG_WARN_OBJC_ROOT_CLASS = YES_ERROR;
				CLANG_WARN_UNREACHABLE_CODE = YES;
				CLANG_WARN__DUPLICATE_METHOD_MATCH = YES;
				"CODE_SIGN_IDENTITY[sdk=iphoneos*]" = "iPhone Developer";
				COPY_PHASE_STRIP = NO;
				DEBUG_INFORMATION_FORMAT = "dwarf-with-dsym";
				ENABLE_STRICT_OBJC_MSGSEND = YES;
				GCC_C_LANGUAGE_STANDARD = gnu99;
				GCC_DYNAMIC_NO_PIC = NO;
				GCC_NO_COMMON_BLOCKS = YES;
				GCC_OPTIMIZATION_LEVEL = 0;
				GCC_PREPROCESSOR_DEFINITIONS = (
					"DEBUG=1",
					"$(inherited)",
				);
				GCC_SYMBOLS_PRIVATE_EXTERN = NO;
				GCC_WARN_64_TO_32_BIT_CONVERSION = YES;
				GCC_WARN_ABOUT_RETURN_TYPE = YES_ERROR;
				GCC_WARN_UNDECLARED_SELECTOR = YES;
				GCC_WARN_UNINITIALIZED_AUTOS = YES_AGGRESSIVE;
				GCC_WARN_UNUSED_FUNCTION = YES;
				GCC_WARN_UNUSED_VARIABLE = YES;
				IPHONEOS_DEPLOYMENT_TARGET = 8.4;
				MTL_ENABLE_DEBUG_INFO = YES;
				ONLY_ACTIVE_ARCH = YES;
				SDKROOT = iphoneos;
			};
			name = Debug;
		};
		A2F0FE821BD2031D00ACBEC6 /* Release */ = {
			isa = XCBuildConfiguration;
			buildSettings = {
				ALWAYS_SEARCH_USER_PATHS = NO;
				CLANG_CXX_LANGUAGE_STANDARD = "gnu++0x";
				CLANG_CXX_LIBRARY = "libc++";
				CLANG_ENABLE_MODULES = YES;
				CLANG_ENABLE_OBJC_ARC = YES;
				CLANG_WARN_BOOL_CONVERSION = YES;
				CLANG_WARN_CONSTANT_CONVERSION = YES;
				CLANG_WARN_DIRECT_OBJC_ISA_USAGE = YES_ERROR;
				CLANG_WARN_EMPTY_BODY = YES;
				CLANG_WARN_ENUM_CONVERSION = YES;
				CLANG_WARN_INT_CONVERSION = YES;
				CLANG_WARN_OBJC_ROOT_CLASS = YES_ERROR;
				CLANG_WARN_UNREACHABLE_CODE = YES;
				CLANG_WARN__DUPLICATE_METHOD_MATCH = YES;
				"CODE_SIGN_IDENTITY[sdk=iphoneos*]" = "iPhone Developer";
				COPY_PHASE_STRIP = NO;
				DEBUG_INFORMATION_FORMAT = "dwarf-with-dsym";
				ENABLE_NS_ASSERTIONS = NO;
				ENABLE_STRICT_OBJC_MSGSEND = YES;
				GCC_C_LANGUAGE_STANDARD = gnu99;
				GCC_NO_COMMON_BLOCKS = YES;
				GCC_WARN_64_TO_32_BIT_CONVERSION = YES;
				GCC_WARN_ABOUT_RETURN_TYPE = YES_ERROR;
				GCC_WARN_UNDECLARED_SELECTOR = YES;
				GCC_WARN_UNINITIALIZED_AUTOS = YES_AGGRESSIVE;
				GCC_WARN_UNUSED_FUNCTION = YES;
				GCC_WARN_UNUSED_VARIABLE = YES;
				IPHONEOS_DEPLOYMENT_TARGET = 8.4;
				MTL_ENABLE_DEBUG_INFO = NO;
				SDKROOT = iphoneos;
				VALIDATE_PRODUCT = YES;
			};
			name = Release;
		};
		A2F0FE841BD2031D00ACBEC6 /* Debug */ = {
			isa = XCBuildConfiguration;
			buildSettings = {
				ASSETCATALOG_COMPILER_APPICON_NAME = AppIcon;
				INFOPLIST_FILE = TCocoaHttpServer/Info.plist;
				LD_RUNPATH_SEARCH_PATHS = "$(inherited) @executable_path/Frameworks";
				PRODUCT_NAME = "$(TARGET_NAME)";
			};
			name = Debug;
		};
		A2F0FE851BD2031D00ACBEC6 /* Release */ = {
			isa = XCBuildConfiguration;
			buildSettings = {
				ASSETCATALOG_COMPILER_APPICON_NAME = AppIcon;
				INFOPLIST_FILE = TCocoaHttpServer/Info.plist;
				LD_RUNPATH_SEARCH_PATHS = "$(inherited) @executable_path/Frameworks";
				PRODUCT_NAME = "$(TARGET_NAME)";
			};
			name = Release;
		};
		A2F0FE871BD2031D00ACBEC6 /* Debug */ = {
			isa = XCBuildConfiguration;
			buildSettings = {
				BUNDLE_LOADER = "$(TEST_HOST)";
				FRAMEWORK_SEARCH_PATHS = (
					"$(SDKROOT)/Developer/Library/Frameworks",
					"$(inherited)",
				);
				GCC_PREPROCESSOR_DEFINITIONS = (
					"DEBUG=1",
					"$(inherited)",
				);
				INFOPLIST_FILE = TCocoaHttpServerTests/Info.plist;
				LD_RUNPATH_SEARCH_PATHS = "$(inherited) @executable_path/Frameworks @loader_path/Frameworks";
				PRODUCT_NAME = "$(TARGET_NAME)";
				TEST_HOST = "$(BUILT_PRODUCTS_DIR)/TCocoaHttpServer.app/TCocoaHttpServer";
			};
			name = Debug;
		};
		A2F0FE881BD2031D00ACBEC6 /* Release */ = {
			isa = XCBuildConfiguration;
			buildSettings = {
				BUNDLE_LOADER = "$(TEST_HOST)";
				FRAMEWORK_SEARCH_PATHS = (
					"$(SDKROOT)/Developer/Library/Frameworks",
					"$(inherited)",
				);
				INFOPLIST_FILE = TCocoaHttpServerTests/Info.plist;
				LD_RUNPATH_SEARCH_PATHS = "$(inherited) @executable_path/Frameworks @loader_path/Frameworks";
				PRODUCT_NAME = "$(TARGET_NAME)";
				TEST_HOST = "$(BUILT_PRODUCTS_DIR)/TCocoaHttpServer.app/TCocoaHttpServer";
			};
			name = Release;
		};
/* End XCBuildConfiguration section */

/* Begin XCConfigurationList section */
		A2F0FE5B1BD2031D00ACBEC6 /* Build configuration list for PBXProject "TCocoaHttpServer" */ = {
			isa = XCConfigurationList;
			buildConfigurations = (
				A2F0FE811BD2031D00ACBEC6 /* Debug */,
				A2F0FE821BD2031D00ACBEC6 /* Release */,
			);
			defaultConfigurationIsVisible = 0;
			defaultConfigurationName = Release;
		};
		A2F0FE831BD2031D00ACBEC6 /* Build configuration list for PBXNativeTarget "TCocoaHttpServer" */ = {
			isa = XCConfigurationList;
			buildConfigurations = (
				A2F0FE841BD2031D00ACBEC6 /* Debug */,
				A2F0FE851BD2031D00ACBEC6 /* Release */,
			);
			defaultConfigurationIsVisible = 0;
		};
		A2F0FE861BD2031D00ACBEC6 /* Build configuration list for PBXNativeTarget "TCocoaHttpServerTests" */ = {
			isa = XCConfigurationList;
			buildConfigurations = (
				A2F0FE871BD2031D00ACBEC6 /* Debug */,
				A2F0FE881BD2031D00ACBEC6 /* Release */,
			);
			defaultConfigurationIsVisible = 0;
		};
/* End XCConfigurationList section */
	};
	rootObject = A2F0FE581BD2031D00ACBEC6 /* Project object */;
}
